{
    "name": "tech-vpn",
    "version": "0.0.0",
    "lockfileVersion": 2,
    "requires": true,
    "packages": {
        "": {
            "name": "tech-vpn",
            "version": "0.0.0",
            "dependencies": {
                "sudo-prompt": "^9.2.1"
            },
            "devDependencies": {
                "@types/chrome-apps": "^0.0.17",
                "@types/node": "^18.11.9"
            }
        },
        "../Web.Kremlin": {
            "name": "nwjs-kremlin",
            "version": "0.1.1",
            "extraneous": true,
            "license": "MIT",
            "dependencies": {
                "acorn": "^8.7.1",
                "acorn-globals": "github:corwin-of-amber/acorn-globals",
                "acorn-loose": "^8.3.0",
                "acorn-walk": "^8.2.0",
                "chokidar": "^3.4.1",
                "coffeescript": "^2.5.1",
                "commander": "^6.0.0",
                "find-up": "^4.1.0",
                "glob": "^7.1.6",
                "jison": "^0.4.18",
                "jquery": "^3.5.1",
                "livescript": "^1.6.0",
                "lodash": "^4.17.19",
                "mkdirp": "^1.0.4",
                "nanoid": "^3.1.22",
                "nearley": "^2.19.5",
                "parse5": "^6.0.0",
                "postcss": "^8.4.12",
                "prelude-ls": "^1.2.1",
                "sass": "^1.52.3",
                "typescript": "^4.8.4",
                "underscore": "^1.10.2",
                "walk-parse5": "^2.0.0",
                "which": "^2.0.2",
                "zone.js": "^0.11.4"
            },
            "bin": {
                "kremlin": "build/kremlin/cli.js"
            },
            "devDependencies": {
                "@types/jquery": "^3.5.0",
                "@types/lodash": "^4.14.158",
                "@types/minimatch": "^3.0.5",
                "@types/mkdirp": "^1.0.1",
                "@types/node": "^14.0.23",
                "@types/parse5": "^5.0.3"
            }
        },
        "node_modules/@types/chrome-apps": {
            "version": "0.0.17",
            "resolved": "https://registry.npmjs.org/@types/chrome-apps/-/chrome-apps-0.0.17.tgz",
            "integrity": "sha512-Cx/jsgjC0NhNDxCX4npvTk16cbDAc0WdfaHmkKkxknXCfxMg4e04UesT4WxWN/aFZb73KqESLs463OF8MSatzw==",
            "dev": true,
            "dependencies": {
                "@types/filesystem": "*"
            }
        },
        "node_modules/@types/filesystem": {
            "version": "0.0.32",
            "resolved": "https://registry.npmjs.org/@types/filesystem/-/filesystem-0.0.32.tgz",
            "integrity": "sha512-Yuf4jR5YYMR2DVgwuCiP11s0xuVRyPKmz8vo6HBY3CGdeMj8af93CFZX+T82+VD1+UqHOxTq31lO7MI7lepBtQ==",
            "dev": true,
            "dependencies": {
                "@types/filewriter": "*"
            }
        },
        "node_modules/@types/filewriter": {
            "version": "0.0.29",
            "resolved": "https://registry.npmjs.org/@types/filewriter/-/filewriter-0.0.29.tgz",
            "integrity": "sha512-BsPXH/irW0ht0Ji6iw/jJaK8Lj3FJemon2gvEqHKpCdDCeemHa+rI3WBGq5z7cDMZgoLjY40oninGxqk+8NzNQ==",
            "dev": true
        },
        "node_modules/@types/node": {
            "version": "18.11.9",
            "resolved": "https://registry.npmjs.org/@types/node/-/node-18.11.9.tgz",
            "integrity": "sha512-CRpX21/kGdzjOpFsZSkcrXMGIBWMGNIHXXBVFSH+ggkftxg+XYP20TESbh+zFvFj3EQOl5byk0HTRn1IL6hbqg==",
            "dev": true
        },
        "node_modules/sudo-prompt": {
            "version": "9.2.1",
            "resolved": "https://registry.npmjs.org/sudo-prompt/-/sudo-prompt-9.2.1.tgz",
            "integrity": "sha512-Mu7R0g4ig9TUuGSxJavny5Rv0egCEtpZRNMrZaYS1vxkiIxGiGUwoezU3LazIQ+KE04hTrTfNPgxU5gzi7F5Pw=="
        }
    },
    "dependencies": {
        "@types/chrome-apps": {
            "version": "0.0.17",
            "resolved": "https://registry.npmjs.org/@types/chrome-apps/-/chrome-apps-0.0.17.tgz",
            "integrity": "sha512-Cx/jsgjC0NhNDxCX4npvTk16cbDAc0WdfaHmkKkxknXCfxMg4e04UesT4WxWN/aFZb73KqESLs463OF8MSatzw==",
            "dev": true,
            "requires": {
                "@types/filesystem": "*"
            }
        },
        "@types/filesystem": {
            "version": "0.0.32",
            "resolved": "https://registry.npmjs.org/@types/filesystem/-/filesystem-0.0.32.tgz",
            "integrity": "sha512-Yuf4jR5YYMR2DVgwuCiP11s0xuVRyPKmz8vo6HBY3CGdeMj8af93CFZX+T82+VD1+UqHOxTq31lO7MI7lepBtQ==",
            "dev": true,
            "requires": {
                "@types/filewriter": "*"
            }
        },
        "@types/filewriter": {
            "version": "0.0.29",
            "resolved": "https://registry.npmjs.org/@types/filewriter/-/filewriter-0.0.29.tgz",
            "integrity": "sha512-BsPXH/irW0ht0Ji6iw/jJaK8Lj3FJemon2gvEqHKpCdDCeemHa+rI3WBGq5z7cDMZgoLjY40oninGxqk+8NzNQ==",
            "dev": true
        },
        "@types/node": {
            "version": "18.11.9",
            "resolved": "https://registry.npmjs.org/@types/node/-/node-18.11.9.tgz",
            "integrity": "sha512-CRpX21/kGdzjOpFsZSkcrXMGIBWMGNIHXXBVFSH+ggkftxg+XYP20TESbh+zFvFj3EQOl5byk0HTRn1IL6hbqg==",
            "dev": true
        },
        "sudo-prompt": {
            "version": "9.2.1",
            "resolved": "https://registry.npmjs.org/sudo-prompt/-/sudo-prompt-9.2.1.tgz",
            "integrity": "sha512-Mu7R0g4ig9TUuGSxJavny5Rv0egCEtpZRNMrZaYS1vxkiIxGiGUwoezU3LazIQ+KE04hTrTfNPgxU5gzi7F5Pw=="
        }
    }
}
